
Microsoft Visual Studio Solution File, Format Version 12.00
# Visual Studio 15
VisualStudioVersion = 15.0.28307.2092
MinimumVisualStudioVersion = 10.0.40219.1
Project("{FAE04EC0-301F-11D3-BF4B-00C04F79EFBC}") = "SnapChat", "SnapChat\SnapChat.csproj", "{B9C233D3-A86F-4A09-8453-C9DD48D18CC0}"
EndProject
Project("{FAE04EC0-301F-11D3-BF4B-00C04F79EFBC}") = "ColdSnap", "ColdSnap\ColdSnap.csproj", "{941CF38F-D24F-4C48-9831-A3A666AF5BDF}"
EndProject
Project("{FAE04EC0-301F-11D3-BF4B-00C04F79EFBC}") = "BackgroundPushTask", "BackgroundPushTask\BackgroundPushTask.csproj", "{726D5AD0-A6F2-40C7-BF15-E43289EF378D}"
EndProject
Global
	GlobalSection(SolutionConfigurationPlatforms) = preSolution
		Debug|Any CPU = Debug|Any CPU
		Debug|ARM = Debug|ARM
		Debug|ARM64 = Debug|ARM64
		Debug|x64 = Debug|x64
		Debug|x86 = Debug|x86
		Release|Any CPU = Release|Any CPU
		Release|ARM = Release|ARM
		Release|ARM64 = Release|ARM64
		Release|x64 = Release|x64
		Release|x86 = Release|x86
	EndGlobalSection
	GlobalSection(ProjectConfigurationPlatforms) = postSolution
		{B9C233D3-A86F-4A09-8453-C9DD48D18CC0}.Debug|Any CPU.ActiveCfg = Debug|x64
		{B9C233D3-A86F-4A09-8453-C9DD48D18CC0}.Debug|Any CPU.Build.0 = Debug|x64
		{B9C233D3-A86F-4A09-8453-C9DD48D18CC0}.Debug|Any CPU.Deploy.0 = Debug|x64
		{B9C233D3-A86F-4A09-8453-C9DD48D18CC0}.Debug|ARM.ActiveCfg = Debug|ARM
		{B9C233D3-A86F-4A09-8453-C9DD48D18CC0}.Debug|ARM.Build.0 = Debug|ARM
		{B9C233D3-A86F-4A09-8453-C9DD48D18CC0}.Debug|ARM.Deploy.0 = Debug|ARM
		{B9C233D3-A86F-4A09-8453-C9DD48D18CC0}.Debug|ARM64.ActiveCfg = Debug|ARM64
		{B9C233D3-A86F-4A09-8453-C9DD48D18CC0}.Debug|ARM64.Build.0 = Debug|ARM64
		{B9C233D3-A86F-4A09-8453-C9DD48D18CC0}.Debug|ARM64.Deploy.0 = Debug|ARM64
		{B9C233D3-A86F-4A09-8453-C9DD48D18CC0}.Debug|x64.ActiveCfg = Debug|x64
		{B9C233D3-A86F-4A09-8453-C9DD48D18CC0}.Debug|x64.Build.0 = Debug|x64
		{B9C233D3-A86F-4A09-8453-C9DD48D18CC0}.Debug|x64.Deploy.0 = Debug|x64
		{B9C233D3-A86F-4A09-8453-C9DD48D18CC0}.Debug|x86.ActiveCfg = Debug|x86
		{B9C233D3-A86F-4A09-8453-C9DD48D18CC0}.Debug|x86.Build.0 = Debug|x86
		{B9C233D3-A86F-4A09-8453-C9DD48D18CC0}.Debug|x86.Deploy.0 = Debug|x86
		{B9C233D3-A86F-4A09-8453-C9DD48D18CC0}.Release|Any CPU.ActiveCfg = Release|x64
		{B9C233D3-A86F-4A09-8453-C9DD48D18CC0}.Release|Any CPU.Build.0 = Release|x64
		{B9C233D3-A86F-4A09-8453-C9DD48D18CC0}.Release|Any CPU.Deploy.0 = Release|x64
		{B9C233D3-A86F-4A09-8453-C9DD48D18CC0}.Release|ARM.ActiveCfg = Release|ARM
		{B9C233D3-A86F-4A09-8453-C9DD48D18CC0}.Release|ARM.Build.0 = Release|ARM
		{B9C233D3-A86F-4A09-8453-C9DD48D18CC0}.Release|ARM.Deploy.0 = Release|ARM
		{B9C233D3-A86F-4A09-8453-C9DD48D18CC0}.Release|ARM64.ActiveCfg = Release|ARM64
		{B9C233D3-A86F-4A09-8453-C9DD48D18CC0}.Release|ARM64.Build.0 = Release|ARM64
		{B9C233D3-A86F-4A09-8453-C9DD48D18CC0}.Release|ARM64.Deploy.0 = Release|ARM64
		{B9C233D3-A86F-4A09-8453-C9DD48D18CC0}.Release|x64.ActiveCfg = Release|x64
		{B9C233D3-A86F-4A09-8453-C9DD48D18CC0}.Release|x64.Build.0 = Release|x64
		{B9C233D3-A86F-4A09-8453-C9DD48D18CC0}.Release|x64.Deploy.0 = Release|x64
		{B9C233D3-A86F-4A09-8453-C9DD48D18CC0}.Release|x86.ActiveCfg = Release|x86
		{B9C233D3-A86F-4A09-8453-C9DD48D18CC0}.Release|x86.Build.0 = Release|x86
		{B9C233D3-A86F-4A09-8453-C9DD48D18CC0}.Release|x86.Deploy.0 = Release|x86
		{941CF38F-D24F-4C48-9831-A3A666AF5BDF}.Debug|Any CPU.ActiveCfg = Debug|Any CPU
		{941CF38F-D24F-4C48-9831-A3A666AF5BDF}.Debug|Any CPU.Build.0 = Debug|Any CPU
		{941CF38F-D24F-4C48-9831-A3A666AF5BDF}.Debug|ARM.ActiveCfg = Debug|ARM
		{941CF38F-D24F-4C48-9831-A3A666AF5BDF}.Debug|ARM.Build.0 = Debug|ARM
		{941CF38F-D24F-4C48-9831-A3A666AF5BDF}.Debug|ARM64.ActiveCfg = Debug|ARM64
		{941CF38F-D24F-4C48-9831-A3A666AF5BDF}.Debug|ARM64.Build.0 = Debug|ARM64
		{941CF38F-D24F-4C48-9831-A3A666AF5BDF}.Debug|x64.ActiveCfg = Debug|x64
		{941CF38F-D24F-4C48-9831-A3A666AF5BDF}.Debug|x64.Build.0 = Debug|x64
		{941CF38F-D24F-4C48-9831-A3A666AF5BDF}.Debug|x86.ActiveCfg = Debug|x86
		{941CF38F-D24F-4C48-9831-A3A666AF5BDF}.Debug|x86.Build.0 = Debug|x86
		{941CF38F-D24F-4C48-9831-A3A666AF5BDF}.Release|Any CPU.ActiveCfg = Release|Any CPU
		{941CF38F-D24F-4C48-9831-A3A666AF5BDF}.Release|Any CPU.Build.0 = Release|Any CPU
		{941CF38F-D24F-4C48-9831-A3A666AF5BDF}.Release|ARM.ActiveCfg = Release|ARM
		{941CF38F-D24F-4C48-9831-A3A666AF5BDF}.Release|ARM.Build.0 = Release|ARM
		{941CF38F-D24F-4C48-9831-A3A666AF5BDF}.Release|ARM64.ActiveCfg = Release|ARM64
		{941CF38F-D24F-4C48-9831-A3A666AF5BDF}.Release|ARM64.Build.0 = Release|ARM64
		{941CF38F-D24F-4C48-9831-A3A666AF5BDF}.Release|x64.ActiveCfg = Release|x64
		{941CF38F-D24F-4C48-9831-A3A666AF5BDF}.Release|x64.Build.0 = Release|x64
		{941CF38F-D24F-4C48-9831-A3A666AF5BDF}.Release|x86.ActiveCfg = Release|x86
		{941CF38F-D24F-4C48-9831-A3A666AF5BDF}.Release|x86.Build.0 = Release|x86
		{726D5AD0-A6F2-40C7-BF15-E43289EF378D}.Debug|Any CPU.ActiveCfg = Debug|Any CPU
		{726D5AD0-A6F2-40C7-BF15-E43289EF378D}.Debug|Any CPU.Build.0 = Debug|Any CPU
		{726D5AD0-A6F2-40C7-BF15-E43289EF378D}.Debug|ARM.ActiveCfg = Debug|ARM
		{726D5AD0-A6F2-40C7-BF15-E43289EF378D}.Debug|ARM.Build.0 = Debug|ARM
		{726D5AD0-A6F2-40C7-BF15-E43289EF378D}.Debug|ARM64.ActiveCfg = Debug|ARM64
		{726D5AD0-A6F2-40C7-BF15-E43289EF378D}.Debug|ARM64.Build.0 = Debug|ARM64
		{726D5AD0-A6F2-40C7-BF15-E43289EF378D}.Debug|x64.ActiveCfg = Debug|x64
		{726D5AD0-A6F2-40C7-BF15-E43289EF378D}.Debug|x64.Build.0 = Debug|x64
		{726D5AD0-A6F2-40C7-BF15-E43289EF378D}.Debug|x86.ActiveCfg = Debug|x86
		{726D5AD0-A6F2-40C7-BF15-E43289EF378D}.Debug|x86.Build.0 = Debug|x86
		{726D5AD0-A6F2-40C7-BF15-E43289EF378D}.Release|Any CPU.ActiveCfg = Release|Any CPU
		{726D5AD0-A6F2-40C7-BF15-E43289EF378D}.Release|Any CPU.Build.0 = Release|Any CPU
		{726D5AD0-A6F2-40C7-BF15-E43289EF378D}.Release|ARM.ActiveCfg = Release|ARM
		{726D5AD0-A6F2-40C7-BF15-E43289EF378D}.Release|ARM.Build.0 = Release|ARM
		{726D5AD0-A6F2-40C7-BF15-E43289EF378D}.Release|ARM64.ActiveCfg = Release|ARM64
		{726D5AD0-A6F2-40C7-BF15-E43289EF378D}.Release|ARM64.Build.0 = Release|ARM64
		{726D5AD0-A6F2-40C7-BF15-E43289EF378D}.Release|x64.ActiveCfg = Release|x64
		{726D5AD0-A6F2-40C7-BF15-E43289EF378D}.Release|x64.Build.0 = Release|x64
		{726D5AD0-A6F2-40C7-BF15-E43289EF378D}.Release|x86.ActiveCfg = Release|x86
		{726D5AD0-A6F2-40C7-BF15-E43289EF378D}.Release|x86.Build.0 = Release|x86
	EndGlobalSection
	GlobalSection(SolutionProperties) = preSolution
		HideSolutionNode = FALSE
	EndGlobalSection
	GlobalSection(ExtensibilityGlobals) = postSolution
		SolutionGuid = {28A8A46C-51C4-47E2-B7CF-94C5FA01479E}
	EndGlobalSection
EndGlobal
